
Microsoft Visual Studio Solution File, Format Version 12.00
# Visual Studio Version 17
VisualStudioVersion = 17.6.33815.320
MinimumVisualStudioVersion = 10.0.40219.1
Project("{9A19103F-16F7-4668-BE54-9A1E7A4F7556}") = "EFProject", "EFProject\EFProject.csproj", "{89124B3B-ACE1-4354-97E5-E19A220EA3FB}"
EndProject
Project("{FAE04EC0-301F-11D3-BF4B-00C04F79EFBC}") = "Domain", "Domain\Domain.csproj", "{B088D408-5D9C-41EC-9495-C19543B6FFE2}"
EndProject
Project("{FAE04EC0-301F-11D3-BF4B-00C04F79EFBC}") = "Application", "Application\Application.csproj", "{6A545922-DFE0-4458-9476-1CC6688DFFAA}"
EndProject
Project("{FAE04EC0-301F-11D3-BF4B-00C04F79EFBC}") = "Infrastructure", "Infrastructure\Infrastructure.csproj", "{037B92FA-BEF9-4767-B1CA-06E081AA6619}"
EndProject
Global
	GlobalSection(SolutionConfigurationPlatforms) = preSolution
		Debug|Any CPU = Debug|Any CPU
		Release|Any CPU = Release|Any CPU
	EndGlobalSection
	GlobalSection(ProjectConfigurationPlatforms) = postSolution
		{89124B3B-ACE1-4354-97E5-E19A220EA3FB}.Debug|Any CPU.ActiveCfg = Debug|Any CPU
		{89124B3B-ACE1-4354-97E5-E19A220EA3FB}.Debug|Any CPU.Build.0 = Debug|Any CPU
		{89124B3B-ACE1-4354-97E5-E19A220EA3FB}.Release|Any CPU.ActiveCfg = Release|Any CPU
		{89124B3B-ACE1-4354-97E5-E19A220EA3FB}.Release|Any CPU.Build.0 = Release|Any CPU
		{B088D408-5D9C-41EC-9495-C19543B6FFE2}.Debug|Any CPU.ActiveCfg = Debug|Any CPU
		{B088D408-5D9C-41EC-9495-C19543B6FFE2}.Debug|Any CPU.Build.0 = Debug|Any CPU
		{B088D408-5D9C-41EC-9495-C19543B6FFE2}.Release|Any CPU.ActiveCfg = Release|Any CPU
		{B088D408-5D9C-41EC-9495-C19543B6FFE2}.Release|Any CPU.Build.0 = Release|Any CPU
		{6A545922-DFE0-4458-9476-1CC6688DFFAA}.Debug|Any CPU.ActiveCfg = Debug|Any CPU
		{6A545922-DFE0-4458-9476-1CC6688DFFAA}.Debug|Any CPU.Build.0 = Debug|Any CPU
		{6A545922-DFE0-4458-9476-1CC6688DFFAA}.Release|Any CPU.ActiveCfg = Release|Any CPU
		{6A545922-DFE0-4458-9476-1CC6688DFFAA}.Release|Any CPU.Build.0 = Release|Any CPU
		{037B92FA-BEF9-4767-B1CA-06E081AA6619}.Debug|Any CPU.ActiveCfg = Debug|Any CPU
		{037B92FA-BEF9-4767-B1CA-06E081AA6619}.Debug|Any CPU.Build.0 = Debug|Any CPU
		{037B92FA-BEF9-4767-B1CA-06E081AA6619}.Release|Any CPU.ActiveCfg = Release|Any CPU
		{037B92FA-BEF9-4767-B1CA-06E081AA6619}.Release|Any CPU.Build.0 = Release|Any CPU
	EndGlobalSection
	GlobalSection(SolutionProperties) = preSolution
		HideSolutionNode = FALSE
	EndGlobalSection
	GlobalSection(ExtensibilityGlobals) = postSolution
		SolutionGuid = {585C43E7-CCDC-4F73-A785-303DAEF0F88A}
	EndGlobalSection
EndGlobal
